
Microsoft Visual Studio Solution File, Format Version 12.00
# Visual Studio Version 17
VisualStudioVersion = 17.1.32319.34
MinimumVisualStudioVersion = 10.0.40219.1
Project("{FAE04EC0-301F-11D3-BF4B-00C04F79EFBC}") = "Prim_Numbers", "Prim_Numbers\Prim_Numbers.csproj", "{85A40F3A-BB53-40D2-BB8A-CD7E89AF6561}"
EndProject
Global
	GlobalSection(SolutionConfigurationPlatforms) = preSolution
		Debug|Any CPU = Debug|Any CPU
		Release|Any CPU = Release|Any CPU
	EndGlobalSection
	GlobalSection(ProjectConfigurationPlatforms) = postSolution
		{85A40F3A-BB53-40D2-BB8A-CD7E89AF6561}.Debug|Any CPU.ActiveCfg = Debug|Any CPU
		{85A40F3A-BB53-40D2-BB8A-CD7E89AF6561}.Debug|Any CPU.Build.0 = Debug|Any CPU
		{85A40F3A-BB53-40D2-BB8A-CD7E89AF6561}.Release|Any CPU.ActiveCfg = Release|Any CPU
		{85A40F3A-BB53-40D2-BB8A-CD7E89AF6561}.Release|Any CPU.Build.0 = Release|Any CPU
	EndGlobalSection
	GlobalSection(SolutionProperties) = preSolution
		HideSolutionNode = FALSE
	EndGlobalSection
	GlobalSection(ExtensibilityGlobals) = postSolution
		SolutionGuid = {D7B393F7-F3B3-4F83-8098-56B500E2F8E9}
	EndGlobalSection
EndGlobal
